{
  "name": "tripjack-website-clone",
  "version": "1.0.0",
  "lockfileVersion": 3,
  "requires": true,
  "packages": {
    "": {
      "name": "tripjack-website-clone",
      "version": "1.0.0",
      "license": "ISC",
      "dependencies": {
        "web-vitals": "^4.2.3"
      }
    },
    "node_modules/web-vitals": {
      "version": "4.2.3",
      "resolved": "https://registry.npmjs.org/web-vitals/-/web-vitals-4.2.3.tgz",
      "integrity": "sha512-/CFAm1mNxSmOj6i0Co+iGFJ58OS4NRGVP+AWS/l509uIK5a1bSoIVaHz/ZumpHTfHSZBpgrJ+wjfpAOrTHok5Q==",
      "license": "Apache-2.0"
    }
  }
}
